{
  "name": "gha-test-action",
  "version": "0.0.1",
  "lockfileVersion": 2,
  "requires": true,
  "packages": {
    "": {
      "name": "gha-test-action",
      "version": "0.0.1",
      "license": "ISC",
      "devDependencies": {
        "@vercel/ncc": "^0.38.2"
      }
    },
    "node_modules/@vercel/ncc": {
      "version": "0.38.2",
      "resolved": "https://registry.npmjs.org/@vercel/ncc/-/ncc-0.38.2.tgz",
      "integrity": "sha512-3yel3jaxUg9pHBv4+KeC9qlbdZPug+UMtUOlhvpDYCMSgcNSrS2Hv1LoqMsOV7hf2lYscx+BESfJOIla1WsmMQ==",
      "dev": true,
      "bin": {
        "ncc": "dist/ncc/cli.js"
      }
    }
  },
  "dependencies": {
    "@vercel/ncc": {
      "version": "0.38.2",
      "resolved": "https://registry.npmjs.org/@vercel/ncc/-/ncc-0.38.2.tgz",
      "integrity": "sha512-3yel3jaxUg9pHBv4+KeC9qlbdZPug+UMtUOlhvpDYCMSgcNSrS2Hv1LoqMsOV7hf2lYscx+BESfJOIla1WsmMQ==",
      "dev": true
    }
  }
}
